Microsoft Visual Studio Solution File, Format Version 12.00
# Visual Studio Version 17
VisualStudioVersion = 17.5.2.0
MinimumVisualStudioVersion = 10.0.40219.1
Project("{FAE04EC0-301F-11D3-BF4B-00C04F79EFBC}") = "mapos-dotnet", "mapos-dotnet.csproj", "{56DF9A86-D411-F1F9-8BF7-59D01D7C6041}"
EndProject
Global
	GlobalSection(SolutionConfigurationPlatforms) = preSolution
		Debug|Any CPU = Debug|Any CPU
		Release|Any CPU = Release|Any CPU
	EndGlobalSection
	GlobalSection(ProjectConfigurationPlatforms) = postSolution
		{56DF9A86-D411-F1F9-8BF7-59D01D7C6041}.Debug|Any CPU.ActiveCfg = Debug|Any CPU
		{56DF9A86-D411-F1F9-8BF7-59D01D7C6041}.Debug|Any CPU.Build.0 = Debug|Any CPU
		{56DF9A86-D411-F1F9-8BF7-59D01D7C6041}.Release|Any CPU.ActiveCfg = Release|Any CPU
		{56DF9A86-D411-F1F9-8BF7-59D01D7C6041}.Release|Any CPU.Build.0 = Release|Any CPU
	EndGlobalSection
	GlobalSection(SolutionProperties) = preSolution
		HideSolutionNode = FALSE
	EndGlobalSection
	GlobalSection(ExtensibilityGlobals) = postSolution
		SolutionGuid = {57626179-C67D-4BF4-A724-35753AF03960}
	EndGlobalSection
EndGlobal
